
Microsoft Visual Studio Solution File, Format Version 12.00
# Visual Studio 2013
VisualStudioVersion = 12.0.40629.0
MinimumVisualStudioVersion = 10.0.40219.1
Project("{159641D6-6404-4A2A-AE62-294DE0FE8301}") = "MonitorFolder", "MonitorFolder\MonitorFolder.dtproj", "{55DB5C6F-D022-4B59-B20E-8B58C0A5A664}"
EndProject
Global
	GlobalSection(SourceCodeControl) = preSolution
		SccNumberOfProjects = 2
		SccLocalPath0 = .
		CanCheckoutShared = false
		SccProjectUniqueName1 = MonitorFolder\\MonitorFolder.dtproj
		SccLocalPath1 = .
		SccProjectFilePathRelativizedFromConnection1 = MonitorFolder\\
	EndGlobalSection
	GlobalSection(SolutionConfigurationPlatforms) = preSolution
		Development|Default = Development|Default
	EndGlobalSection
	GlobalSection(ProjectConfigurationPlatforms) = postSolution
		{55DB5C6F-D022-4B59-B20E-8B58C0A5A664}.Development|Default.ActiveCfg = Development
		{55DB5C6F-D022-4B59-B20E-8B58C0A5A664}.Development|Default.Build.0 = Development
	EndGlobalSection
	GlobalSection(SolutionProperties) = preSolution
		HideSolutionNode = FALSE
	EndGlobalSection
EndGlobal
